
Microsoft Visual Studio Solution File, Format Version 12.00
# Visual Studio 15
VisualStudioVersion = 15.0.27703.2035
MinimumVisualStudioVersion = 10.0.40219.1
Project("{FAE04EC0-301F-11D3-BF4B-00C04F79EFBC}") = "ComicBookGallery", "ComicBookGallery\ComicBookGallery.csproj", "{CF1249F5-A331-4840-BF98-8BB413CF8990}"
EndProject
Global
	GlobalSection(SolutionConfigurationPlatforms) = preSolution
		Debug|Any CPU = Debug|Any CPU
		Release|Any CPU = Release|Any CPU
	EndGlobalSection
	GlobalSection(ProjectConfigurationPlatforms) = postSolution
		{CF1249F5-A331-4840-BF98-8BB413CF8990}.Debug|Any CPU.ActiveCfg = Debug|Any CPU
		{CF1249F5-A331-4840-BF98-8BB413CF8990}.Debug|Any CPU.Build.0 = Debug|Any CPU
		{CF1249F5-A331-4840-BF98-8BB413CF8990}.Release|Any CPU.ActiveCfg = Release|Any CPU
		{CF1249F5-A331-4840-BF98-8BB413CF8990}.Release|Any CPU.Build.0 = Release|Any CPU
	EndGlobalSection
	GlobalSection(SolutionProperties) = preSolution
		HideSolutionNode = FALSE
	EndGlobalSection
	GlobalSection(ExtensibilityGlobals) = postSolution
		SolutionGuid = {E1D60D23-7857-4411-B2E6-3AD1AED78DE2}
	EndGlobalSection
EndGlobal
